
Microsoft Visual Studio Solution File, Format Version 12.00
# Visual Studio Version 16
VisualStudioVersion = 16.0.29025.244
MinimumVisualStudioVersion = 10.0.40219.1
Project("{9A19103F-16F7-4668-BE54-9A1E7A4F7556}") = "ECOM.Repos", "ECOM.Repos\ECOM.Repos.csproj", "{C906A96E-6207-491D-8B0F-7B94ACB60868}"
EndProject
Project("{9A19103F-16F7-4668-BE54-9A1E7A4F7556}") = "Api", "Api\Api.csproj", "{069892F7-0F71-4214-A320-EF8DE3715816}"
EndProject
Global
	GlobalSection(SolutionConfigurationPlatforms) = preSolution
		Debug|Any CPU = Debug|Any CPU
		Release|Any CPU = Release|Any CPU
	EndGlobalSection
	GlobalSection(ProjectConfigurationPlatforms) = postSolution
		{C906A96E-6207-491D-8B0F-7B94ACB60868}.Debug|Any CPU.ActiveCfg = Debug|Any CPU
		{C906A96E-6207-491D-8B0F-7B94ACB60868}.Debug|Any CPU.Build.0 = Debug|Any CPU
		{C906A96E-6207-491D-8B0F-7B94ACB60868}.Release|Any CPU.ActiveCfg = Release|Any CPU
		{C906A96E-6207-491D-8B0F-7B94ACB60868}.Release|Any CPU.Build.0 = Release|Any CPU
		{069892F7-0F71-4214-A320-EF8DE3715816}.Debug|Any CPU.ActiveCfg = Debug|Any CPU
		{069892F7-0F71-4214-A320-EF8DE3715816}.Debug|Any CPU.Build.0 = Debug|Any CPU
		{069892F7-0F71-4214-A320-EF8DE3715816}.Release|Any CPU.ActiveCfg = Release|Any CPU
		{069892F7-0F71-4214-A320-EF8DE3715816}.Release|Any CPU.Build.0 = Release|Any CPU
	EndGlobalSection
	GlobalSection(SolutionProperties) = preSolution
		HideSolutionNode = FALSE
	EndGlobalSection
	GlobalSection(ExtensibilityGlobals) = postSolution
		SolutionGuid = {4BB23B8E-F03E-4F90-8244-936374E7B70B}
	EndGlobalSection
EndGlobal
